// !$*UTF8*$!
{
	archiveVersion = 1;
	classes = {
	};
	objectVersion = 56;
	objects = {

/* Begin PBXBuildFile section */
		D40CC161292AFB9F00664776 /* ScheduleMainPageView.swift in Sources */ = {isa = PBXBuildFile; fileRef = D40CC160292AFB9F00664776 /* ScheduleMainPageView.swift */; };
		D40CC163292AFE7200664776 /* SchedulePageMainView-ViewModel.swift in Sources */ = {isa = PBXBuildFile; fileRef = D40CC162292AFE7200664776 /* SchedulePageMainView-ViewModel.swift */; };
		D40D808929247123008CA68D /* RootView.swift in Sources */ = {isa = PBXBuildFile; fileRef = D40D808829247123008CA68D /* RootView.swift */; };
		D40D809829251EEF008CA68D /* ToastView.swift in Sources */ = {isa = PBXBuildFile; fileRef = D40D809729251EEF008CA68D /* ToastView.swift */; };
		D40D809B29251FD7008CA68D /* ToastStyle.swift in Sources */ = {isa = PBXBuildFile; fileRef = D40D809A29251FD7008CA68D /* ToastStyle.swift */; };
		D40D809D29251FF6008CA68D /* Toast.swift in Sources */ = {isa = PBXBuildFile; fileRef = D40D809C29251FF6008CA68D /* Toast.swift */; };
		D40D80A0292520C5008CA68D /* ToastModifier.swift in Sources */ = {isa = PBXBuildFile; fileRef = D40D809F292520C5008CA68D /* ToastModifier.swift */; };
		D40D80A629252165008CA68D /* ViewExtensions.swift in Sources */ = {isa = PBXBuildFile; fileRef = D40D80A529252165008CA68D /* ViewExtensions.swift */; };
		D40D80A929252688008CA68D /* TabSwitcherView-ViewModel.swift in Sources */ = {isa = PBXBuildFile; fileRef = D40D80A829252688008CA68D /* TabSwitcherView-ViewModel.swift */; };
		D40D80B429252A5A008CA68D /* UserDefaultsClient.swift in Sources */ = {isa = PBXBuildFile; fileRef = D40D80B329252A5A008CA68D /* UserDefaultsClient.swift */; };
		D40D80BE29258CAF008CA68D /* TabBarView.swift in Sources */ = {isa = PBXBuildFile; fileRef = D40D80BD29258CAF008CA68D /* TabBarView.swift */; };
		D40D80C32925911D008CA68D /* DrawerContent.swift in Sources */ = {isa = PBXBuildFile; fileRef = D40D80C22925911D008CA68D /* DrawerContent.swift */; };
		D40D80C52925B97F008CA68D /* DrawerView-ViewModel.swift in Sources */ = {isa = PBXBuildFile; fileRef = D40D80C42925B97F008CA68D /* DrawerView-ViewModel.swift */; };
		D40D80C72925BA62008CA68D /* DrawerItem.swift in Sources */ = {isa = PBXBuildFile; fileRef = D40D80C62925BA62008CA68D /* DrawerItem.swift */; };
		D40D80CA29265B98008CA68D /* SearchView.swift in Sources */ = {isa = PBXBuildFile; fileRef = D40D80C929265B98008CA68D /* SearchView.swift */; };
		D40D80CC29265C36008CA68D /* SearchView-ViewModel.swift in Sources */ = {isa = PBXBuildFile; fileRef = D40D80CB29265C36008CA68D /* SearchView-ViewModel.swift */; };
		D40D80CE29265D49008CA68D /* SearchBar.swift in Sources */ = {isa = PBXBuildFile; fileRef = D40D80CD29265D49008CA68D /* SearchBar.swift */; };
		D40D80D22926A0A6008CA68D /* DrawerView.swift in Sources */ = {isa = PBXBuildFile; fileRef = D40D80D12926A0A6008CA68D /* DrawerView.swift */; };
		D45338F429280C4800198411 /* SchedulePreviewView-ViewModel.swift in Sources */ = {isa = PBXBuildFile; fileRef = D45338F329280C4800198411 /* SchedulePreviewView-ViewModel.swift */; };
		D45338F629280E8400198411 /* ScheduleExtensions.swift in Sources */ = {isa = PBXBuildFile; fileRef = D45338F529280E8400198411 /* ScheduleExtensions.swift */; };
		D45338F9292825B200198411 /* ScheduleCardView.swift in Sources */ = {isa = PBXBuildFile; fileRef = D45338F8292825B200198411 /* ScheduleCardView.swift */; };
		D45338FB2929730200198411 /* CustomProgressView.swift in Sources */ = {isa = PBXBuildFile; fileRef = D45338FA2929730200198411 /* CustomProgressView.swift */; };
		D45338FD29297C8B00198411 /* DayUIModel.swift in Sources */ = {isa = PBXBuildFile; fileRef = D45338FC29297C8B00198411 /* DayUIModel.swift */; };
		D45338FF2929805100198411 /* StringExtensions.swift in Sources */ = {isa = PBXBuildFile; fileRef = D45338FE2929805100198411 /* StringExtensions.swift */; };
		D453390229299FB800198411 /* HomePageQuickAccessOptionView.swift in Sources */ = {isa = PBXBuildFile; fileRef = D453390129299FB800198411 /* HomePageQuickAccessOptionView.swift */; };
		D4533904292A8A6100198411 /* HomePageQuickAccessSectionView.swift in Sources */ = {isa = PBXBuildFile; fileRef = D4533903292A8A6100198411 /* HomePageQuickAccessSectionView.swift */; };
		D4533907292A921B00198411 /* PermissionsSwiftUICamera in Frameworks */ = {isa = PBXBuildFile; productRef = D4533906292A921B00198411 /* PermissionsSwiftUICamera */; };
		D4533909292A921B00198411 /* PermissionsSwiftUINotification in Frameworks */ = {isa = PBXBuildFile; productRef = D4533908292A921B00198411 /* PermissionsSwiftUINotification */; };
		D4607632292AA39400DE9590 /* Types.swift in Sources */ = {isa = PBXBuildFile; fileRef = D4607631292AA39400DE9590 /* Types.swift */; };
		D4607634292AA83F00DE9590 /* TabSwitcherView.swift in Sources */ = {isa = PBXBuildFile; fileRef = D4607633292AA83F00DE9590 /* TabSwitcherView.swift */; };
		D4607637292AA8DE00DE9590 /* PopupView in Frameworks */ = {isa = PBXBuildFile; productRef = D4607636292AA8DE00DE9590 /* PopupView */; };
		D460763B292AAD5400DE9590 /* PopupToastView.swift in Sources */ = {isa = PBXBuildFile; fileRef = D460763A292AAD5400DE9590 /* PopupToastView.swift */; };
		D460763D292AAE7800DE9590 /* RootView-ViewModel.swift in Sources */ = {isa = PBXBuildFile; fileRef = D460763C292AAE7800DE9590 /* RootView-ViewModel.swift */; };
		D4607641292AB18D00DE9590 /* HomePageView.swift in Sources */ = {isa = PBXBuildFile; fileRef = D4607640292AB18D00DE9590 /* HomePageView.swift */; };
		D4607643292AB1C000DE9590 /* HomePageView-ViewModel.swift in Sources */ = {isa = PBXBuildFile; fileRef = D4607642292AB1C000DE9590 /* HomePageView-ViewModel.swift */; };
		D4607645292AC41D00DE9590 /* SearchResultsView.swift in Sources */ = {isa = PBXBuildFile; fileRef = D4607644292AC41D00DE9590 /* SearchResultsView.swift */; };
		D4607647292AE06600DE9590 /* SearchInitialView.swift in Sources */ = {isa = PBXBuildFile; fileRef = D4607646292AE06600DE9590 /* SearchInitialView.swift */; };
		D460764A292AE77E00DE9590 /* BubbleShape.swift in Sources */ = {isa = PBXBuildFile; fileRef = D4607649292AE77E00DE9590 /* BubbleShape.swift */; };
		D460764C292AEAEC00DE9590 /* ScheduleGrouperListView.swift in Sources */ = {isa = PBXBuildFile; fileRef = D460764B292AEAEC00DE9590 /* ScheduleGrouperListView.swift */; };
		D460764E292AF21900DE9590 /* SchedulePreviewView.swift in Sources */ = {isa = PBXBuildFile; fileRef = D460764D292AF21900DE9590 /* SchedulePreviewView.swift */; };
		D4607653292AF5DA00DE9590 /* DayHeaderSectionView.swift in Sources */ = {isa = PBXBuildFile; fileRef = D4607652292AF5DA00DE9590 /* DayHeaderSectionView.swift */; };
		D4722149292454560063BDB7 /* tumble_iosApp.swift in Sources */ = {isa = PBXBuildFile; fileRef = D4722148292454560063BDB7 /* tumble_iosApp.swift */; };
		D472214B292454560063BDB7 /* SchoolSelectView.swift in Sources */ = {isa = PBXBuildFile; fileRef = D472214A292454560063BDB7 /* SchoolSelectView.swift */; };
		D472214D292454570063BDB7 /* Assets.xcassets in Resources */ = {isa = PBXBuildFile; fileRef = D472214C292454570063BDB7 /* Assets.xcassets */; };
		D4722150292454570063BDB7 /* Preview Assets.xcassets in Resources */ = {isa = PBXBuildFile; fileRef = D472214F292454570063BDB7 /* Preview Assets.xcassets */; };
		D472215F292455710063BDB7 /* APITypes.swift in Sources */ = {isa = PBXBuildFile; fileRef = D472215C292455710063BDB7 /* APITypes.swift */; };
		D4722160292455710063BDB7 /* API.swift in Sources */ = {isa = PBXBuildFile; fileRef = D472215D292455710063BDB7 /* API.swift */; };
		D4722161292455710063BDB7 /* APIClient.swift in Sources */ = {isa = PBXBuildFile; fileRef = D472215E292455710063BDB7 /* APIClient.swift */; };
		D4BAE5F82924636500143717 /* School.swift in Sources */ = {isa = PBXBuildFile; fileRef = D4BAE5F72924636500143717 /* School.swift */; };
		D4BAE614292466F700143717 /* SchoolModelData.swift in Sources */ = {isa = PBXBuildFile; fileRef = D4BAE613292466F700143717 /* SchoolModelData.swift */; };
		D4BAE61929246AA200143717 /* schools.json in Resources */ = {isa = PBXBuildFile; fileRef = D4BAE61829246AA200143717 /* schools.json */; };
		D4BAE61C29246AF800143717 /* SchoolRow.swift in Sources */ = {isa = PBXBuildFile; fileRef = D4BAE61B29246AF800143717 /* SchoolRow.swift */; };
		D4D4DD032927C7DA0083BB7F /* ProgrammeCardView.swift in Sources */ = {isa = PBXBuildFile; fileRef = D4D4DD022927C7DA0083BB7F /* ProgrammeCardView.swift */; };
		D4D4DD052927C88E0083BB7F /* BackButton.swift in Sources */ = {isa = PBXBuildFile; fileRef = D4D4DD042927C88E0083BB7F /* BackButton.swift */; };
		D4D4DD132927CA780083BB7F /* roboto_bold.ttf in Resources */ = {isa = PBXBuildFile; fileRef = D4D4DD072927CA780083BB7F /* roboto_bold.ttf */; };
		D4D4DD142927CA780083BB7F /* roboto_thin.ttf in Resources */ = {isa = PBXBuildFile; fileRef = D4D4DD082927CA780083BB7F /* roboto_thin.ttf */; };
		D4D4DD152927CA780083BB7F /* roboto_black.ttf in Resources */ = {isa = PBXBuildFile; fileRef = D4D4DD092927CA780083BB7F /* roboto_black.ttf */; };
		D4D4DD162927CA780083BB7F /* roboto_black_italic.ttf in Resources */ = {isa = PBXBuildFile; fileRef = D4D4DD0A2927CA780083BB7F /* roboto_black_italic.ttf */; };
		D4D4DD172927CA780083BB7F /* roboto_medium_italic.ttf in Resources */ = {isa = PBXBuildFile; fileRef = D4D4DD0B2927CA780083BB7F /* roboto_medium_italic.ttf */; };
		D4D4DD182927CA780083BB7F /* roboto_bold_italic.ttf in Resources */ = {isa = PBXBuildFile; fileRef = D4D4DD0C2927CA780083BB7F /* roboto_bold_italic.ttf */; };
		D4D4DD192927CA780083BB7F /* roboto_medium.ttf in Resources */ = {isa = PBXBuildFile; fileRef = D4D4DD0D2927CA780083BB7F /* roboto_medium.ttf */; };
		D4D4DD1A2927CA780083BB7F /* roboto.ttf in Resources */ = {isa = PBXBuildFile; fileRef = D4D4DD0E2927CA780083BB7F /* roboto.ttf */; };
		D4D4DD1B2927CA780083BB7F /* roboto_thin_italic.ttf in Resources */ = {isa = PBXBuildFile; fileRef = D4D4DD0F2927CA780083BB7F /* roboto_thin_italic.ttf */; };
		D4D4DD1C2927CA780083BB7F /* roboto_light.ttf in Resources */ = {isa = PBXBuildFile; fileRef = D4D4DD102927CA780083BB7F /* roboto_light.ttf */; };
		D4D4DD1D2927CA780083BB7F /* roboto_regular.ttf in Resources */ = {isa = PBXBuildFile; fileRef = D4D4DD112927CA780083BB7F /* roboto_regular.ttf */; };
		D4D4DD1E2927CA780083BB7F /* roboto_light_italic.ttf in Resources */ = {isa = PBXBuildFile; fileRef = D4D4DD122927CA780083BB7F /* roboto_light_italic.ttf */; };
		D4D4DD202927CBDA0083BB7F /* FontExstensions.swift in Sources */ = {isa = PBXBuildFile; fileRef = D4D4DD1F2927CBDA0083BB7F /* FontExstensions.swift */; };
/* End PBXBuildFile section */

/* Begin PBXFileReference section */
		D40CC160292AFB9F00664776 /* ScheduleMainPageView.swift */ = {isa = PBXFileReference; lastKnownFileType = sourcecode.swift; path = ScheduleMainPageView.swift; sourceTree = "<group>"; };
		D40CC162292AFE7200664776 /* SchedulePageMainView-ViewModel.swift */ = {isa = PBXFileReference; lastKnownFileType = sourcecode.swift; path = "SchedulePageMainView-ViewModel.swift"; sourceTree = "<group>"; };
		D40D808829247123008CA68D /* RootView.swift */ = {isa = PBXFileReference; lastKnownFileType = sourcecode.swift; path = RootView.swift; sourceTree = "<group>"; };
		D40D809729251EEF008CA68D /* ToastView.swift */ = {isa = PBXFileReference; lastKnownFileType = sourcecode.swift; path = ToastView.swift; sourceTree = "<group>"; };
		D40D809A29251FD7008CA68D /* ToastStyle.swift */ = {isa = PBXFileReference; lastKnownFileType = sourcecode.swift; path = ToastStyle.swift; sourceTree = "<group>"; };
		D40D809C29251FF6008CA68D /* Toast.swift */ = {isa = PBXFileReference; lastKnownFileType = sourcecode.swift; path = Toast.swift; sourceTree = "<group>"; };
		D40D809F292520C5008CA68D /* ToastModifier.swift */ = {isa = PBXFileReference; lastKnownFileType = sourcecode.swift; path = ToastModifier.swift; sourceTree = "<group>"; };
		D40D80A529252165008CA68D /* ViewExtensions.swift */ = {isa = PBXFileReference; lastKnownFileType = sourcecode.swift; path = ViewExtensions.swift; sourceTree = "<group>"; };
		D40D80A829252688008CA68D /* TabSwitcherView-ViewModel.swift */ = {isa = PBXFileReference; lastKnownFileType = sourcecode.swift; path = "TabSwitcherView-ViewModel.swift"; sourceTree = "<group>"; };
		D40D80B329252A5A008CA68D /* UserDefaultsClient.swift */ = {isa = PBXFileReference; lastKnownFileType = sourcecode.swift; path = UserDefaultsClient.swift; sourceTree = "<group>"; };
		D40D80BD29258CAF008CA68D /* TabBarView.swift */ = {isa = PBXFileReference; lastKnownFileType = sourcecode.swift; path = TabBarView.swift; sourceTree = "<group>"; };
		D40D80C22925911D008CA68D /* DrawerContent.swift */ = {isa = PBXFileReference; lastKnownFileType = sourcecode.swift; path = DrawerContent.swift; sourceTree = "<group>"; };
		D40D80C42925B97F008CA68D /* DrawerView-ViewModel.swift */ = {isa = PBXFileReference; lastKnownFileType = sourcecode.swift; path = "DrawerView-ViewModel.swift"; sourceTree = "<group>"; };
		D40D80C62925BA62008CA68D /* DrawerItem.swift */ = {isa = PBXFileReference; lastKnownFileType = sourcecode.swift; path = DrawerItem.swift; sourceTree = "<group>"; };
		D40D80C929265B98008CA68D /* SearchView.swift */ = {isa = PBXFileReference; lastKnownFileType = sourcecode.swift; path = SearchView.swift; sourceTree = "<group>"; };
		D40D80CB29265C36008CA68D /* SearchView-ViewModel.swift */ = {isa = PBXFileReference; lastKnownFileType = sourcecode.swift; path = "SearchView-ViewModel.swift"; sourceTree = "<group>"; };
		D40D80CD29265D49008CA68D /* SearchBar.swift */ = {isa = PBXFileReference; lastKnownFileType = sourcecode.swift; path = SearchBar.swift; sourceTree = "<group>"; };
		D40D80D12926A0A6008CA68D /* DrawerView.swift */ = {isa = PBXFileReference; lastKnownFileType = sourcecode.swift; path = DrawerView.swift; sourceTree = "<group>"; };
		D45338F329280C4800198411 /* SchedulePreviewView-ViewModel.swift */ = {isa = PBXFileReference; lastKnownFileType = sourcecode.swift; path = "SchedulePreviewView-ViewModel.swift"; sourceTree = "<group>"; };
		D45338F529280E8400198411 /* ScheduleExtensions.swift */ = {isa = PBXFileReference; lastKnownFileType = sourcecode.swift; path = ScheduleExtensions.swift; sourceTree = "<group>"; };
		D45338F8292825B200198411 /* ScheduleCardView.swift */ = {isa = PBXFileReference; lastKnownFileType = sourcecode.swift; path = ScheduleCardView.swift; sourceTree = "<group>"; };
		D45338FA2929730200198411 /* CustomProgressView.swift */ = {isa = PBXFileReference; lastKnownFileType = sourcecode.swift; path = CustomProgressView.swift; sourceTree = "<group>"; };
		D45338FC29297C8B00198411 /* DayUIModel.swift */ = {isa = PBXFileReference; lastKnownFileType = sourcecode.swift; path = DayUIModel.swift; sourceTree = "<group>"; };
		D45338FE2929805100198411 /* StringExtensions.swift */ = {isa = PBXFileReference; lastKnownFileType = sourcecode.swift; path = StringExtensions.swift; sourceTree = "<group>"; };
		D453390129299FB800198411 /* HomePageQuickAccessOptionView.swift */ = {isa = PBXFileReference; lastKnownFileType = sourcecode.swift; path = HomePageQuickAccessOptionView.swift; sourceTree = "<group>"; };
		D4533903292A8A6100198411 /* HomePageQuickAccessSectionView.swift */ = {isa = PBXFileReference; lastKnownFileType = sourcecode.swift; path = HomePageQuickAccessSectionView.swift; sourceTree = "<group>"; };
		D4607631292AA39400DE9590 /* Types.swift */ = {isa = PBXFileReference; lastKnownFileType = sourcecode.swift; path = Types.swift; sourceTree = "<group>"; };
		D4607633292AA83F00DE9590 /* TabSwitcherView.swift */ = {isa = PBXFileReference; lastKnownFileType = sourcecode.swift; path = TabSwitcherView.swift; sourceTree = "<group>"; };
		D460763A292AAD5400DE9590 /* PopupToastView.swift */ = {isa = PBXFileReference; lastKnownFileType = sourcecode.swift; path = PopupToastView.swift; sourceTree = "<group>"; };
		D460763C292AAE7800DE9590 /* RootView-ViewModel.swift */ = {isa = PBXFileReference; lastKnownFileType = sourcecode.swift; path = "RootView-ViewModel.swift"; sourceTree = "<group>"; };
		D4607640292AB18D00DE9590 /* HomePageView.swift */ = {isa = PBXFileReference; lastKnownFileType = sourcecode.swift; path = HomePageView.swift; sourceTree = "<group>"; };
		D4607642292AB1C000DE9590 /* HomePageView-ViewModel.swift */ = {isa = PBXFileReference; lastKnownFileType = sourcecode.swift; path = "HomePageView-ViewModel.swift"; sourceTree = "<group>"; };
		D4607644292AC41D00DE9590 /* SearchResultsView.swift */ = {isa = PBXFileReference; lastKnownFileType = sourcecode.swift; path = SearchResultsView.swift; sourceTree = "<group>"; };
		D4607646292AE06600DE9590 /* SearchInitialView.swift */ = {isa = PBXFileReference; lastKnownFileType = sourcecode.swift; path = SearchInitialView.swift; sourceTree = "<group>"; };
		D4607649292AE77E00DE9590 /* BubbleShape.swift */ = {isa = PBXFileReference; lastKnownFileType = sourcecode.swift; path = BubbleShape.swift; sourceTree = "<group>"; };
		D460764B292AEAEC00DE9590 /* ScheduleGrouperListView.swift */ = {isa = PBXFileReference; lastKnownFileType = sourcecode.swift; path = ScheduleGrouperListView.swift; sourceTree = "<group>"; };
		D460764D292AF21900DE9590 /* SchedulePreviewView.swift */ = {isa = PBXFileReference; fileEncoding = 4; lastKnownFileType = sourcecode.swift; path = SchedulePreviewView.swift; sourceTree = "<group>"; };
		D4607652292AF5DA00DE9590 /* DayHeaderSectionView.swift */ = {isa = PBXFileReference; lastKnownFileType = sourcecode.swift; path = DayHeaderSectionView.swift; sourceTree = "<group>"; };
		D4722145292454560063BDB7 /* tumble-ios.app */ = {isa = PBXFileReference; explicitFileType = wrapper.application; includeInIndex = 0; path = "tumble-ios.app"; sourceTree = BUILT_PRODUCTS_DIR; };
		D4722148292454560063BDB7 /* tumble_iosApp.swift */ = {isa = PBXFileReference; lastKnownFileType = sourcecode.swift; path = tumble_iosApp.swift; sourceTree = "<group>"; };
		D472214A292454560063BDB7 /* SchoolSelectView.swift */ = {isa = PBXFileReference; lastKnownFileType = sourcecode.swift; path = SchoolSelectView.swift; sourceTree = "<group>"; };
		D472214C292454570063BDB7 /* Assets.xcassets */ = {isa = PBXFileReference; lastKnownFileType = folder.assetcatalog; path = Assets.xcassets; sourceTree = "<group>"; };
		D472214F292454570063BDB7 /* Preview Assets.xcassets */ = {isa = PBXFileReference; lastKnownFileType = folder.assetcatalog; path = "Preview Assets.xcassets"; sourceTree = "<group>"; };
		D472215C292455710063BDB7 /* APITypes.swift */ = {isa = PBXFileReference; fileEncoding = 4; lastKnownFileType = sourcecode.swift; path = APITypes.swift; sourceTree = "<group>"; };
		D472215D292455710063BDB7 /* API.swift */ = {isa = PBXFileReference; fileEncoding = 4; lastKnownFileType = sourcecode.swift; path = API.swift; sourceTree = "<group>"; };
		D472215E292455710063BDB7 /* APIClient.swift */ = {isa = PBXFileReference; fileEncoding = 4; lastKnownFileType = sourcecode.swift; path = APIClient.swift; sourceTree = "<group>"; };
		D4BAE5F72924636500143717 /* School.swift */ = {isa = PBXFileReference; lastKnownFileType = sourcecode.swift; path = School.swift; sourceTree = "<group>"; };
		D4BAE613292466F700143717 /* SchoolModelData.swift */ = {isa = PBXFileReference; lastKnownFileType = sourcecode.swift; path = SchoolModelData.swift; sourceTree = "<group>"; };
		D4BAE61829246AA200143717 /* schools.json */ = {isa = PBXFileReference; lastKnownFileType = text.json; path = schools.json; sourceTree = "<group>"; };
		D4BAE61B29246AF800143717 /* SchoolRow.swift */ = {isa = PBXFileReference; lastKnownFileType = sourcecode.swift; path = SchoolRow.swift; sourceTree = "<group>"; };
		D4D4DD022927C7DA0083BB7F /* ProgrammeCardView.swift */ = {isa = PBXFileReference; lastKnownFileType = sourcecode.swift; path = ProgrammeCardView.swift; sourceTree = "<group>"; };
		D4D4DD042927C88E0083BB7F /* BackButton.swift */ = {isa = PBXFileReference; lastKnownFileType = sourcecode.swift; path = BackButton.swift; sourceTree = "<group>"; };
		D4D4DD072927CA780083BB7F /* roboto_bold.ttf */ = {isa = PBXFileReference; lastKnownFileType = file; path = roboto_bold.ttf; sourceTree = "<group>"; };
		D4D4DD082927CA780083BB7F /* roboto_thin.ttf */ = {isa = PBXFileReference; lastKnownFileType = file; path = roboto_thin.ttf; sourceTree = "<group>"; };
		D4D4DD092927CA780083BB7F /* roboto_black.ttf */ = {isa = PBXFileReference; lastKnownFileType = file; path = roboto_black.ttf; sourceTree = "<group>"; };
		D4D4DD0A2927CA780083BB7F /* roboto_black_italic.ttf */ = {isa = PBXFileReference; lastKnownFileType = file; path = roboto_black_italic.ttf; sourceTree = "<group>"; };
		D4D4DD0B2927CA780083BB7F /* roboto_medium_italic.ttf */ = {isa = PBXFileReference; lastKnownFileType = file; path = roboto_medium_italic.ttf; sourceTree = "<group>"; };
		D4D4DD0C2927CA780083BB7F /* roboto_bold_italic.ttf */ = {isa = PBXFileReference; lastKnownFileType = file; path = roboto_bold_italic.ttf; sourceTree = "<group>"; };
		D4D4DD0D2927CA780083BB7F /* roboto_medium.ttf */ = {isa = PBXFileReference; lastKnownFileType = file; path = roboto_medium.ttf; sourceTree = "<group>"; };
		D4D4DD0E2927CA780083BB7F /* roboto.ttf */ = {isa = PBXFileReference; lastKnownFileType = file; path = roboto.ttf; sourceTree = "<group>"; };
		D4D4DD0F2927CA780083BB7F /* roboto_thin_italic.ttf */ = {isa = PBXFileReference; lastKnownFileType = file; path = roboto_thin_italic.ttf; sourceTree = "<group>"; };
		D4D4DD102927CA780083BB7F /* roboto_light.ttf */ = {isa = PBXFileReference; lastKnownFileType = file; path = roboto_light.ttf; sourceTree = "<group>"; };
		D4D4DD112927CA780083BB7F /* roboto_regular.ttf */ = {isa = PBXFileReference; lastKnownFileType = file; path = roboto_regular.ttf; sourceTree = "<group>"; };
		D4D4DD122927CA780083BB7F /* roboto_light_italic.ttf */ = {isa = PBXFileReference; lastKnownFileType = file; path = roboto_light_italic.ttf; sourceTree = "<group>"; };
		D4D4DD1F2927CBDA0083BB7F /* FontExstensions.swift */ = {isa = PBXFileReference; lastKnownFileType = sourcecode.swift; path = FontExstensions.swift; sourceTree = "<group>"; };
		D4D4DD212927CFFA0083BB7F /* Info.plist */ = {isa = PBXFileReference; lastKnownFileType = text.plist; path = Info.plist; sourceTree = "<group>"; };
/* End PBXFileReference section */

/* Begin PBXFrameworksBuildPhase section */
		D4722142292454560063BDB7 /* Frameworks */ = {
			isa = PBXFrameworksBuildPhase;
			buildActionMask = 2147483647;
			files = (
				D4607637292AA8DE00DE9590 /* PopupView in Frameworks */,
				D4533909292A921B00198411 /* PermissionsSwiftUINotification in Frameworks */,
				D4533907292A921B00198411 /* PermissionsSwiftUICamera in Frameworks */,
			);
			runOnlyForDeploymentPostprocessing = 0;
		};
/* End PBXFrameworksBuildPhase section */

/* Begin PBXGroup section */
		D40D8092292517D4008CA68D /* Core */ = {
			isa = PBXGroup;
			children = (
				D4607648292AE77200DE9590 /* Shapes */,
				D460763E292AB16300DE9590 /* Types */,
				D40D80AB29252838008CA68D /* Utilities */,
				D40D80A72925267F008CA68D /* ViewModels */,
				D40D80A429252156008CA68D /* Extensions */,
				D47221592924549B0063BDB7 /* Views */,
			);
			path = Core;
			sourceTree = "<group>";
		};
		D40D809629251EA5008CA68D /* Overlays */ = {
			isa = PBXGroup;
			children = (
				D40D80BF292590EE008CA68D /* Drawer */,
				D40D80BC29258CA0008CA68D /* TabBar */,
				D40D809929251FC5008CA68D /* Toast */,
				D4D4DD042927C88E0083BB7F /* BackButton.swift */,
				D45338FA2929730200198411 /* CustomProgressView.swift */,
			);
			path = Overlays;
			sourceTree = "<group>";
		};
		D40D809929251FC5008CA68D /* Toast */ = {
			isa = PBXGroup;
			children = (
				D4607639292AAD3B00DE9590 /* PopupViewToast */,
				D4607638292AAD3100DE9590 /* CustomToast */,
			);
			path = Toast;
			sourceTree = "<group>";
		};
		D40D809E292520AA008CA68D /* ViewModifiers */ = {
			isa = PBXGroup;
			children = (
				D40D809F292520C5008CA68D /* ToastModifier.swift */,
			);
			path = ViewModifiers;
			sourceTree = "<group>";
		};
		D40D80A429252156008CA68D /* Extensions */ = {
			isa = PBXGroup;
			children = (
				D40D80A529252165008CA68D /* ViewExtensions.swift */,
				D4D4DD1F2927CBDA0083BB7F /* FontExstensions.swift */,
				D45338F529280E8400198411 /* ScheduleExtensions.swift */,
				D45338FE2929805100198411 /* StringExtensions.swift */,
			);
			path = Extensions;
			sourceTree = "<group>";
		};
		D40D80A72925267F008CA68D /* ViewModels */ = {
			isa = PBXGroup;
			children = (
				D40D80A829252688008CA68D /* TabSwitcherView-ViewModel.swift */,
				D40D80C42925B97F008CA68D /* DrawerView-ViewModel.swift */,
				D40D80CB29265C36008CA68D /* SearchView-ViewModel.swift */,
				D45338F329280C4800198411 /* SchedulePreviewView-ViewModel.swift */,
				D460763C292AAE7800DE9590 /* RootView-ViewModel.swift */,
				D4607642292AB1C000DE9590 /* HomePageView-ViewModel.swift */,
				D40CC162292AFE7200664776 /* SchedulePageMainView-ViewModel.swift */,
			);
			path = ViewModels;
			sourceTree = "<group>";
		};
		D40D80AB29252838008CA68D /* Utilities */ = {
			isa = PBXGroup;
			children = (
			);
			path = Utilities;
			sourceTree = "<group>";
		};
		D40D80AE292529ED008CA68D /* API */ = {
			isa = PBXGroup;
			children = (
				D40D80B229252A45008CA68D /* Notifications */,
				D40D80B129252A33008CA68D /* UserDefaults */,
				D40D80B0292529FF008CA68D /* Database */,
				D40D80AF292529F9008CA68D /* Backend */,
			);
			path = API;
			sourceTree = "<group>";
		};
		D40D80AF292529F9008CA68D /* Backend */ = {
			isa = PBXGroup;
			children = (
				D472215D292455710063BDB7 /* API.swift */,
				D472215E292455710063BDB7 /* APIClient.swift */,
				D472215C292455710063BDB7 /* APITypes.swift */,
			);
			path = Backend;
			sourceTree = "<group>";
		};
		D40D80B0292529FF008CA68D /* Database */ = {
			isa = PBXGroup;
			children = (
			);
			path = Database;
			sourceTree = "<group>";
		};
		D40D80B129252A33008CA68D /* UserDefaults */ = {
			isa = PBXGroup;
			children = (
				D40D80B329252A5A008CA68D /* UserDefaultsClient.swift */,
			);
			path = UserDefaults;
			sourceTree = "<group>";
		};
		D40D80B229252A45008CA68D /* Notifications */ = {
			isa = PBXGroup;
			children = (
			);
			path = Notifications;
			sourceTree = "<group>";
		};
		D40D80BC29258CA0008CA68D /* TabBar */ = {
			isa = PBXGroup;
			children = (
				D40D80BD29258CAF008CA68D /* TabBarView.swift */,
			);
			path = TabBar;
			sourceTree = "<group>";
		};
		D40D80BF292590EE008CA68D /* Drawer */ = {
			isa = PBXGroup;
			children = (
				D40D80C22925911D008CA68D /* DrawerContent.swift */,
				D40D80C62925BA62008CA68D /* DrawerItem.swift */,
				D40D80D12926A0A6008CA68D /* DrawerView.swift */,
			);
			path = Drawer;
			sourceTree = "<group>";
		};
		D40D80C829265B85008CA68D /* Search */ = {
			isa = PBXGroup;
			children = (
				D460764D292AF21900DE9590 /* SchedulePreviewView.swift */,
				D40D80C929265B98008CA68D /* SearchView.swift */,
				D40D80CD29265D49008CA68D /* SearchBar.swift */,
				D4D4DD022927C7DA0083BB7F /* ProgrammeCardView.swift */,
				D4607644292AC41D00DE9590 /* SearchResultsView.swift */,
				D4607646292AE06600DE9590 /* SearchInitialView.swift */,
			);
			path = Search;
			sourceTree = "<group>";
		};
		D45338F7292825A400198411 /* Schedule */ = {
			isa = PBXGroup;
			children = (
				D4607651292AF5C600DE9590 /* Week */,
				D4607650292AF5C100DE9590 /* Calendar */,
				D460764F292AF5BB00DE9590 /* List */,
				D40CC160292AFB9F00664776 /* ScheduleMainPageView.swift */,
			);
			path = Schedule;
			sourceTree = "<group>";
		};
		D453390029299F9800198411 /* HomePage */ = {
			isa = PBXGroup;
			children = (
				D453390129299FB800198411 /* HomePageQuickAccessOptionView.swift */,
				D4533903292A8A6100198411 /* HomePageQuickAccessSectionView.swift */,
				D4607640292AB18D00DE9590 /* HomePageView.swift */,
			);
			path = HomePage;
			sourceTree = "<group>";
		};
		D4607638292AAD3100DE9590 /* CustomToast */ = {
			isa = PBXGroup;
			children = (
				D40D809729251EEF008CA68D /* ToastView.swift */,
				D40D809A29251FD7008CA68D /* ToastStyle.swift */,
			);
			path = CustomToast;
			sourceTree = "<group>";
		};
		D4607639292AAD3B00DE9590 /* PopupViewToast */ = {
			isa = PBXGroup;
			children = (
				D460763A292AAD5400DE9590 /* PopupToastView.swift */,
			);
			path = PopupViewToast;
			sourceTree = "<group>";
		};
		D460763E292AB16300DE9590 /* Types */ = {
			isa = PBXGroup;
			children = (
				D4607631292AA39400DE9590 /* Types.swift */,
			);
			path = Types;
			sourceTree = "<group>";
		};
		D460763F292AB17000DE9590 /* TabSwitcher */ = {
			isa = PBXGroup;
			children = (
				D4607633292AA83F00DE9590 /* TabSwitcherView.swift */,
			);
			path = TabSwitcher;
			sourceTree = "<group>";
		};
		D4607648292AE77200DE9590 /* Shapes */ = {
			isa = PBXGroup;
			children = (
				D4607649292AE77E00DE9590 /* BubbleShape.swift */,
			);
			path = Shapes;
			sourceTree = "<group>";
		};
		D460764F292AF5BB00DE9590 /* List */ = {
			isa = PBXGroup;
			children = (
				D4607652292AF5DA00DE9590 /* DayHeaderSectionView.swift */,
				D45338F8292825B200198411 /* ScheduleCardView.swift */,
				D460764B292AEAEC00DE9590 /* ScheduleGrouperListView.swift */,
			);
			path = List;
			sourceTree = "<group>";
		};
		D4607650292AF5C100DE9590 /* Calendar */ = {
			isa = PBXGroup;
			children = (
			);
			path = Calendar;
			sourceTree = "<group>";
		};
		D4607651292AF5C600DE9590 /* Week */ = {
			isa = PBXGroup;
			children = (
			);
			path = Week;
			sourceTree = "<group>";
		};
		D472213C292454560063BDB7 = {
			isa = PBXGroup;
			children = (
				D4722147292454560063BDB7 /* tumble-ios */,
				D4722146292454560063BDB7 /* Products */,
			);
			sourceTree = "<group>";
		};
		D4722146292454560063BDB7 /* Products */ = {
			isa = PBXGroup;
			children = (
				D4722145292454560063BDB7 /* tumble-ios.app */,
			);
			name = Products;
			sourceTree = "<group>";
		};
		D4722147292454560063BDB7 /* tumble-ios */ = {
			isa = PBXGroup;
			children = (
				D4D4DD212927CFFA0083BB7F /* Info.plist */,
				D40D8092292517D4008CA68D /* Core */,
				D4BAE5F52924633D00143717 /* Models */,
				D47221622924557C0063BDB7 /* Services */,
				D472215B292454F60063BDB7 /* Resources */,
				D47221582924548A0063BDB7 /* App */,
				D472214C292454570063BDB7 /* Assets.xcassets */,
				D472214E292454570063BDB7 /* Preview Content */,
			);
			path = "tumble-ios";
			sourceTree = "<group>";
		};
		D472214E292454570063BDB7 /* Preview Content */ = {
			isa = PBXGroup;
			children = (
				D472214F292454570063BDB7 /* Preview Assets.xcassets */,
			);
			path = "Preview Content";
			sourceTree = "<group>";
		};
		D47221582924548A0063BDB7 /* App */ = {
			isa = PBXGroup;
			children = (
				D4722148292454560063BDB7 /* tumble_iosApp.swift */,
			);
			path = App;
			sourceTree = "<group>";
		};
		D47221592924549B0063BDB7 /* Views */ = {
			isa = PBXGroup;
			children = (
				D460763F292AB17000DE9590 /* TabSwitcher */,
				D453390029299F9800198411 /* HomePage */,
				D45338F7292825A400198411 /* Schedule */,
				D40D80C829265B85008CA68D /* Search */,
				D40D809E292520AA008CA68D /* ViewModifiers */,
				D40D809629251EA5008CA68D /* Overlays */,
				D40D808829247123008CA68D /* RootView.swift */,
				D4BAE61A29246AE800143717 /* SchoolSelection */,
			);
			path = Views;
			sourceTree = "<group>";
		};
		D472215B292454F60063BDB7 /* Resources */ = {
			isa = PBXGroup;
			children = (
				D4D4DD062927CA660083BB7F /* Fonts */,
				D4BAE61829246AA200143717 /* schools.json */,
			);
			path = Resources;
			sourceTree = "<group>";
		};
		D47221622924557C0063BDB7 /* Services */ = {
			isa = PBXGroup;
			children = (
				D40D80AE292529ED008CA68D /* API */,
			);
			path = Services;
			sourceTree = "<group>";
		};
		D4BAE5F52924633D00143717 /* Models */ = {
			isa = PBXGroup;
			children = (
				D4BAE613292466F700143717 /* SchoolModelData.swift */,
				D4BAE5F72924636500143717 /* School.swift */,
				D40D809C29251FF6008CA68D /* Toast.swift */,
				D45338FC29297C8B00198411 /* DayUIModel.swift */,
			);
			path = Models;
			sourceTree = "<group>";
		};
		D4BAE61A29246AE800143717 /* SchoolSelection */ = {
			isa = PBXGroup;
			children = (
				D472214A292454560063BDB7 /* SchoolSelectView.swift */,
				D4BAE61B29246AF800143717 /* SchoolRow.swift */,
			);
			path = SchoolSelection;
			sourceTree = "<group>";
		};
		D4D4DD062927CA660083BB7F /* Fonts */ = {
			isa = PBXGroup;
			children = (
				D4D4DD0A2927CA780083BB7F /* roboto_black_italic.ttf */,
				D4D4DD092927CA780083BB7F /* roboto_black.ttf */,
				D4D4DD0C2927CA780083BB7F /* roboto_bold_italic.ttf */,
				D4D4DD072927CA780083BB7F /* roboto_bold.ttf */,
				D4D4DD122927CA780083BB7F /* roboto_light_italic.ttf */,
				D4D4DD102927CA780083BB7F /* roboto_light.ttf */,
				D4D4DD0B2927CA780083BB7F /* roboto_medium_italic.ttf */,
				D4D4DD0D2927CA780083BB7F /* roboto_medium.ttf */,
				D4D4DD112927CA780083BB7F /* roboto_regular.ttf */,
				D4D4DD0F2927CA780083BB7F /* roboto_thin_italic.ttf */,
				D4D4DD082927CA780083BB7F /* roboto_thin.ttf */,
				D4D4DD0E2927CA780083BB7F /* roboto.ttf */,
			);
			path = Fonts;
			sourceTree = "<group>";
		};
/* End PBXGroup section */

/* Begin PBXNativeTarget section */
		D4722144292454560063BDB7 /* tumble-ios */ = {
			isa = PBXNativeTarget;
			buildConfigurationList = D4722153292454570063BDB7 /* Build configuration list for PBXNativeTarget "tumble-ios" */;
			buildPhases = (
				D4722141292454560063BDB7 /* Sources */,
				D4722142292454560063BDB7 /* Frameworks */,
				D4722143292454560063BDB7 /* Resources */,
			);
			buildRules = (
			);
			dependencies = (
			);
			name = "tumble-ios";
			packageProductDependencies = (
				D4533906292A921B00198411 /* PermissionsSwiftUICamera */,
				D4533908292A921B00198411 /* PermissionsSwiftUINotification */,
				D4607636292AA8DE00DE9590 /* PopupView */,
			);
			productName = "tumble-ios";
			productReference = D4722145292454560063BDB7 /* tumble-ios.app */;
			productType = "com.apple.product-type.application";
		};
/* End PBXNativeTarget section */

/* Begin PBXProject section */
		D472213D292454560063BDB7 /* Project object */ = {
			isa = PBXProject;
			attributes = {
				BuildIndependentTargetsInParallel = 1;
				LastSwiftUpdateCheck = 1410;
				LastUpgradeCheck = 1410;
				TargetAttributes = {
					D4722144292454560063BDB7 = {
						CreatedOnToolsVersion = 14.1;
					};
				};
			};
			buildConfigurationList = D4722140292454560063BDB7 /* Build configuration list for PBXProject "tumble-ios" */;
			compatibilityVersion = "Xcode 14.0";
			developmentRegion = en;
			hasScannedForEncodings = 0;
			knownRegions = (
				en,
				Base,
			);
			mainGroup = D472213C292454560063BDB7;
			packageReferences = (
				D4533905292A921B00198411 /* XCRemoteSwiftPackageReference "PermissionsSwiftUI" */,
				D4607635292AA8DE00DE9590 /* XCRemoteSwiftPackageReference "PopupView" */,
			);
			productRefGroup = D4722146292454560063BDB7 /* Products */;
			projectDirPath = "";
			projectRoot = "";
			targets = (
				D4722144292454560063BDB7 /* tumble-ios */,
			);
		};
/* End PBXProject section */

/* Begin PBXResourcesBuildPhase section */
		D4722143292454560063BDB7 /* Resources */ = {
			isa = PBXResourcesBuildPhase;
			buildActionMask = 2147483647;
			files = (
				D4D4DD1A2927CA780083BB7F /* roboto.ttf in Resources */,
				D4D4DD162927CA780083BB7F /* roboto_black_italic.ttf in Resources */,
				D4D4DD1D2927CA780083BB7F /* roboto_regular.ttf in Resources */,
				D4D4DD1B2927CA780083BB7F /* roboto_thin_italic.ttf in Resources */,
				D4D4DD1C2927CA780083BB7F /* roboto_light.ttf in Resources */,
				D4D4DD1E2927CA780083BB7F /* roboto_light_italic.ttf in Resources */,
				D4D4DD142927CA780083BB7F /* roboto_thin.ttf in Resources */,
				D4D4DD152927CA780083BB7F /* roboto_black.ttf in Resources */,
				D4D4DD182927CA780083BB7F /* roboto_bold_italic.ttf in Resources */,
				D4D4DD192927CA780083BB7F /* roboto_medium.ttf in Resources */,
				D4D4DD132927CA780083BB7F /* roboto_bold.ttf in Resources */,
				D4BAE61929246AA200143717 /* schools.json in Resources */,
				D4722150292454570063BDB7 /* Preview Assets.xcassets in Resources */,
				D4D4DD172927CA780083BB7F /* roboto_medium_italic.ttf in Resources */,
				D472214D292454570063BDB7 /* Assets.xcassets in Resources */,
			);
			runOnlyForDeploymentPostprocessing = 0;
		};
/* End PBXResourcesBuildPhase section */

/* Begin PBXSourcesBuildPhase section */
		D4722141292454560063BDB7 /* Sources */ = {
			isa = PBXSourcesBuildPhase;
			buildActionMask = 2147483647;
			files = (
				D4607643292AB1C000DE9590 /* HomePageView-ViewModel.swift in Sources */,
				D472214B292454560063BDB7 /* SchoolSelectView.swift in Sources */,
				D460763D292AAE7800DE9590 /* RootView-ViewModel.swift in Sources */,
				D40D809829251EEF008CA68D /* ToastView.swift in Sources */,
				D4BAE5F82924636500143717 /* School.swift in Sources */,
				D4BAE61C29246AF800143717 /* SchoolRow.swift in Sources */,
				D40D808929247123008CA68D /* RootView.swift in Sources */,
				D40D80D22926A0A6008CA68D /* DrawerView.swift in Sources */,
				D40CC161292AFB9F00664776 /* ScheduleMainPageView.swift in Sources */,
				D40D80C32925911D008CA68D /* DrawerContent.swift in Sources */,
				D40D80CE29265D49008CA68D /* SearchBar.swift in Sources */,
				D40D80B429252A5A008CA68D /* UserDefaultsClient.swift in Sources */,
				D4722149292454560063BDB7 /* tumble_iosApp.swift in Sources */,
				D4722160292455710063BDB7 /* API.swift in Sources */,
				D45338F629280E8400198411 /* ScheduleExtensions.swift in Sources */,
				D45338FB2929730200198411 /* CustomProgressView.swift in Sources */,
				D4607634292AA83F00DE9590 /* TabSwitcherView.swift in Sources */,
				D40D80C52925B97F008CA68D /* DrawerView-ViewModel.swift in Sources */,
				D460763B292AAD5400DE9590 /* PopupToastView.swift in Sources */,
				D4D4DD032927C7DA0083BB7F /* ProgrammeCardView.swift in Sources */,
				D453390229299FB800198411 /* HomePageQuickAccessOptionView.swift in Sources */,
				D4533904292A8A6100198411 /* HomePageQuickAccessSectionView.swift in Sources */,
				D40D809B29251FD7008CA68D /* ToastStyle.swift in Sources */,
				D40D80CA29265B98008CA68D /* SearchView.swift in Sources */,
				D40D80BE29258CAF008CA68D /* TabBarView.swift in Sources */,
				D4607645292AC41D00DE9590 /* SearchResultsView.swift in Sources */,
				D45338F9292825B200198411 /* ScheduleCardView.swift in Sources */,
				D4607632292AA39400DE9590 /* Types.swift in Sources */,
				D4607653292AF5DA00DE9590 /* DayHeaderSectionView.swift in Sources */,
				D40D80A629252165008CA68D /* ViewExtensions.swift in Sources */,
				D45338FD29297C8B00198411 /* DayUIModel.swift in Sources */,
				D460764A292AE77E00DE9590 /* BubbleShape.swift in Sources */,
				D460764C292AEAEC00DE9590 /* ScheduleGrouperListView.swift in Sources */,
				D40D80C72925BA62008CA68D /* DrawerItem.swift in Sources */,
				D40D80A929252688008CA68D /* TabSwitcherView-ViewModel.swift in Sources */,
				D4722161292455710063BDB7 /* APIClient.swift in Sources */,
				D4BAE614292466F700143717 /* SchoolModelData.swift in Sources */,
				D45338FF2929805100198411 /* StringExtensions.swift in Sources */,
				D472215F292455710063BDB7 /* APITypes.swift in Sources */,
				D4D4DD052927C88E0083BB7F /* BackButton.swift in Sources */,
				D40D80A0292520C5008CA68D /* ToastModifier.swift in Sources */,
				D4607647292AE06600DE9590 /* SearchInitialView.swift in Sources */,
				D40D809D29251FF6008CA68D /* Toast.swift in Sources */,
				D40CC163292AFE7200664776 /* SchedulePageMainView-ViewModel.swift in Sources */,
				D4D4DD202927CBDA0083BB7F /* FontExstensions.swift in Sources */,
				D40D80CC29265C36008CA68D /* SearchView-ViewModel.swift in Sources */,
				D4607641292AB18D00DE9590 /* HomePageView.swift in Sources */,
				D460764E292AF21900DE9590 /* SchedulePreviewView.swift in Sources */,
				D45338F429280C4800198411 /* SchedulePreviewView-ViewModel.swift in Sources */,
			);
			runOnlyForDeploymentPostprocessing = 0;
		};
/* End PBXSourcesBuildPhase section */

/* Begin XCBuildConfiguration section */
		D4722151292454570063BDB7 /* Debug */ = {
			isa = XCBuildConfiguration;
			buildSettings = {
				ALWAYS_SEARCH_USER_PATHS = NO;
				CLANG_ANALYZER_NONNULL = YES;
				CLANG_ANALYZER_NUMBER_OBJECT_CONVERSION = YES_AGGRESSIVE;
				CLANG_CXX_LANGUAGE_STANDARD = "gnu++20";
				CLANG_ENABLE_MODULES = YES;
				CLANG_ENABLE_OBJC_ARC = YES;
				CLANG_ENABLE_OBJC_WEAK = YES;
				CLANG_WARN_BLOCK_CAPTURE_AUTORELEASING = YES;
				CLANG_WARN_BOOL_CONVERSION = YES;
				CLANG_WARN_COMMA = YES;
				CLANG_WARN_CONSTANT_CONVERSION = YES;
				CLANG_WARN_DEPRECATED_OBJC_IMPLEMENTATIONS = YES;
				CLANG_WARN_DIRECT_OBJC_ISA_USAGE = YES_ERROR;
				CLANG_WARN_DOCUMENTATION_COMMENTS = YES;
				CLANG_WARN_EMPTY_BODY = YES;
				CLANG_WARN_ENUM_CONVERSION = YES;
				CLANG_WARN_INFINITE_RECURSION = YES;
				CLANG_WARN_INT_CONVERSION = YES;
				CLANG_WARN_NON_LITERAL_NULL_CONVERSION = YES;
				CLANG_WARN_OBJC_IMPLICIT_RETAIN_SELF = YES;
				CLANG_WARN_OBJC_LITERAL_CONVERSION = YES;
				CLANG_WARN_OBJC_ROOT_CLASS = YES_ERROR;
				CLANG_WARN_QUOTED_INCLUDE_IN_FRAMEWORK_HEADER = YES;
				CLANG_WARN_RANGE_LOOP_ANALYSIS = YES;
				CLANG_WARN_STRICT_PROTOTYPES = YES;
				CLANG_WARN_SUSPICIOUS_MOVE = YES;
				CLANG_WARN_UNGUARDED_AVAILABILITY = YES_AGGRESSIVE;
				CLANG_WARN_UNREACHABLE_CODE = YES;
				CLANG_WARN__DUPLICATE_METHOD_MATCH = YES;
				COPY_PHASE_STRIP = NO;
				DEBUG_INFORMATION_FORMAT = dwarf;
				ENABLE_STRICT_OBJC_MSGSEND = YES;
				ENABLE_TESTABILITY = YES;
				GCC_C_LANGUAGE_STANDARD = gnu11;
				GCC_DYNAMIC_NO_PIC = NO;
				GCC_NO_COMMON_BLOCKS = YES;
				GCC_OPTIMIZATION_LEVEL = 0;
				GCC_PREPROCESSOR_DEFINITIONS = (
					"DEBUG=1",
					"$(inherited)",
				);
				GCC_WARN_64_TO_32_BIT_CONVERSION = YES;
				GCC_WARN_ABOUT_RETURN_TYPE = YES_ERROR;
				GCC_WARN_UNDECLARED_SELECTOR = YES;
				GCC_WARN_UNINITIALIZED_AUTOS = YES_AGGRESSIVE;
				GCC_WARN_UNUSED_FUNCTION = YES;
				GCC_WARN_UNUSED_VARIABLE = YES;
				IPHONEOS_DEPLOYMENT_TARGET = 15.0;
				MTL_ENABLE_DEBUG_INFO = INCLUDE_SOURCE;
				MTL_FAST_MATH = YES;
				ONLY_ACTIVE_ARCH = YES;
				SDKROOT = iphoneos;
				SWIFT_ACTIVE_COMPILATION_CONDITIONS = DEBUG;
				SWIFT_OPTIMIZATION_LEVEL = "-Onone";
			};
			name = Debug;
		};
		D4722152292454570063BDB7 /* Release */ = {
			isa = XCBuildConfiguration;
			buildSettings = {
				ALWAYS_SEARCH_USER_PATHS = NO;
				CLANG_ANALYZER_NONNULL = YES;
				CLANG_ANALYZER_NUMBER_OBJECT_CONVERSION = YES_AGGRESSIVE;
				CLANG_CXX_LANGUAGE_STANDARD = "gnu++20";
				CLANG_ENABLE_MODULES = YES;
				CLANG_ENABLE_OBJC_ARC = YES;
				CLANG_ENABLE_OBJC_WEAK = YES;
				CLANG_WARN_BLOCK_CAPTURE_AUTORELEASING = YES;
				CLANG_WARN_BOOL_CONVERSION = YES;
				CLANG_WARN_COMMA = YES;
				CLANG_WARN_CONSTANT_CONVERSION = YES;
				CLANG_WARN_DEPRECATED_OBJC_IMPLEMENTATIONS = YES;
				CLANG_WARN_DIRECT_OBJC_ISA_USAGE = YES_ERROR;
				CLANG_WARN_DOCUMENTATION_COMMENTS = YES;
				CLANG_WARN_EMPTY_BODY = YES;
				CLANG_WARN_ENUM_CONVERSION = YES;
				CLANG_WARN_INFINITE_RECURSION = YES;
				CLANG_WARN_INT_CONVERSION = YES;
				CLANG_WARN_NON_LITERAL_NULL_CONVERSION = YES;
				CLANG_WARN_OBJC_IMPLICIT_RETAIN_SELF = YES;
				CLANG_WARN_OBJC_LITERAL_CONVERSION = YES;
				CLANG_WARN_OBJC_ROOT_CLASS = YES_ERROR;
				CLANG_WARN_QUOTED_INCLUDE_IN_FRAMEWORK_HEADER = YES;
				CLANG_WARN_RANGE_LOOP_ANALYSIS = YES;
				CLANG_WARN_STRICT_PROTOTYPES = YES;
				CLANG_WARN_SUSPICIOUS_MOVE = YES;
				CLANG_WARN_UNGUARDED_AVAILABILITY = YES_AGGRESSIVE;
				CLANG_WARN_UNREACHABLE_CODE = YES;
				CLANG_WARN__DUPLICATE_METHOD_MATCH = YES;
				COPY_PHASE_STRIP = NO;
				DEBUG_INFORMATION_FORMAT = "dwarf-with-dsym";
				ENABLE_NS_ASSERTIONS = NO;
				ENABLE_STRICT_OBJC_MSGSEND = YES;
				GCC_C_LANGUAGE_STANDARD = gnu11;
				GCC_NO_COMMON_BLOCKS = YES;
				GCC_WARN_64_TO_32_BIT_CONVERSION = YES;
				GCC_WARN_ABOUT_RETURN_TYPE = YES_ERROR;
				GCC_WARN_UNDECLARED_SELECTOR = YES;
				GCC_WARN_UNINITIALIZED_AUTOS = YES_AGGRESSIVE;
				GCC_WARN_UNUSED_FUNCTION = YES;
				GCC_WARN_UNUSED_VARIABLE = YES;
				IPHONEOS_DEPLOYMENT_TARGET = 15.0;
				MTL_ENABLE_DEBUG_INFO = NO;
				MTL_FAST_MATH = YES;
				SDKROOT = iphoneos;
				SWIFT_COMPILATION_MODE = wholemodule;
				SWIFT_OPTIMIZATION_LEVEL = "-O";
				VALIDATE_PRODUCT = YES;
			};
			name = Release;
		};
		D4722154292454570063BDB7 /* Debug */ = {
			isa = XCBuildConfiguration;
			buildSettings = {
				ASSETCATALOG_COMPILER_APPICON_NAME = AppIcon;
				ASSETCATALOG_COMPILER_GLOBAL_ACCENT_COLOR_NAME = AccentColor;
				CODE_SIGN_STYLE = Automatic;
				CURRENT_PROJECT_VERSION = 1;
				DEVELOPMENT_ASSET_PATHS = "\"tumble-ios/Preview Content\"";
				DEVELOPMENT_TEAM = 5QHM3X75YP;
				ENABLE_PREVIEWS = YES;
				GENERATE_INFOPLIST_FILE = YES;
				INFOPLIST_FILE = "tumble-ios/Info.plist";
				INFOPLIST_KEY_NSCameraUsageDescription = "Camera is used for scanning QR codes for room booking functionality in Universities";
				INFOPLIST_KEY_UIApplicationSceneManifest_Generation = YES;
				INFOPLIST_KEY_UIApplicationSupportsIndirectInputEvents = YES;
				INFOPLIST_KEY_UILaunchScreen_Generation = YES;
				INFOPLIST_KEY_UIRequiresFullScreen = NO;
				INFOPLIST_KEY_UISupportedInterfaceOrientations = UIInterfaceOrientationPortrait;
				IPHONEOS_DEPLOYMENT_TARGET = 15.0;
				LD_RUNPATH_SEARCH_PATHS = (
					"$(inherited)",
					"@executable_path/Frameworks",
				);
				MARKETING_VERSION = 1.0;
				PRODUCT_BUNDLE_IDENTIFIER = com.example.tumble;
				PRODUCT_NAME = "$(TARGET_NAME)";
				SWIFT_EMIT_LOC_STRINGS = YES;
				SWIFT_VERSION = 5.0;
				TARGETED_DEVICE_FAMILY = "1,2";
			};
			name = Debug;
		};
		D4722155292454570063BDB7 /* Release */ = {
			isa = XCBuildConfiguration;
			buildSettings = {
				ASSETCATALOG_COMPILER_APPICON_NAME = AppIcon;
				ASSETCATALOG_COMPILER_GLOBAL_ACCENT_COLOR_NAME = AccentColor;
				CODE_SIGN_STYLE = Automatic;
				CURRENT_PROJECT_VERSION = 1;
				DEVELOPMENT_ASSET_PATHS = "\"tumble-ios/Preview Content\"";
				DEVELOPMENT_TEAM = 5QHM3X75YP;
				ENABLE_PREVIEWS = YES;
				GENERATE_INFOPLIST_FILE = YES;
				INFOPLIST_FILE = "tumble-ios/Info.plist";
				INFOPLIST_KEY_NSCameraUsageDescription = "Camera is used for scanning QR codes for room booking functionality in Universities";
				INFOPLIST_KEY_UIApplicationSceneManifest_Generation = YES;
				INFOPLIST_KEY_UIApplicationSupportsIndirectInputEvents = YES;
				INFOPLIST_KEY_UILaunchScreen_Generation = YES;
				INFOPLIST_KEY_UIRequiresFullScreen = NO;
				INFOPLIST_KEY_UISupportedInterfaceOrientations = UIInterfaceOrientationPortrait;
				IPHONEOS_DEPLOYMENT_TARGET = 15.0;
				LD_RUNPATH_SEARCH_PATHS = (
					"$(inherited)",
					"@executable_path/Frameworks",
				);
				MARKETING_VERSION = 1.0;
				PRODUCT_BUNDLE_IDENTIFIER = com.example.tumble;
				PRODUCT_NAME = "$(TARGET_NAME)";
				SWIFT_EMIT_LOC_STRINGS = YES;
				SWIFT_VERSION = 5.0;
				TARGETED_DEVICE_FAMILY = "1,2";
			};
			name = Release;
		};
/* End XCBuildConfiguration section */

/* Begin XCConfigurationList section */
		D4722140292454560063BDB7 /* Build configuration list for PBXProject "tumble-ios" */ = {
			isa = XCConfigurationList;
			buildConfigurations = (
				D4722151292454570063BDB7 /* Debug */,
				D4722152292454570063BDB7 /* Release */,
			);
			defaultConfigurationIsVisible = 0;
			defaultConfigurationName = Release;
		};
		D4722153292454570063BDB7 /* Build configuration list for PBXNativeTarget "tumble-ios" */ = {
			isa = XCConfigurationList;
			buildConfigurations = (
				D4722154292454570063BDB7 /* Debug */,
				D4722155292454570063BDB7 /* Release */,
			);
			defaultConfigurationIsVisible = 0;
			defaultConfigurationName = Release;
		};
/* End XCConfigurationList section */

/* Begin XCRemoteSwiftPackageReference section */
		D4533905292A921B00198411 /* XCRemoteSwiftPackageReference "PermissionsSwiftUI" */ = {
			isa = XCRemoteSwiftPackageReference;
			repositoryURL = "https://github.com/jevonmao/PermissionsSwiftUI";
			requirement = {
				kind = upToNextMajorVersion;
				minimumVersion = 1.0.0;
			};
		};
		D4607635292AA8DE00DE9590 /* XCRemoteSwiftPackageReference "PopupView" */ = {
			isa = XCRemoteSwiftPackageReference;
			repositoryURL = "https://github.com/exyte/PopupView.git";
			requirement = {
				kind = upToNextMajorVersion;
				minimumVersion = 1.0.0;
			};
		};
/* End XCRemoteSwiftPackageReference section */

/* Begin XCSwiftPackageProductDependency section */
		D4533906292A921B00198411 /* PermissionsSwiftUICamera */ = {
			isa = XCSwiftPackageProductDependency;
			package = D4533905292A921B00198411 /* XCRemoteSwiftPackageReference "PermissionsSwiftUI" */;
			productName = PermissionsSwiftUICamera;
		};
		D4533908292A921B00198411 /* PermissionsSwiftUINotification */ = {
			isa = XCSwiftPackageProductDependency;
			package = D4533905292A921B00198411 /* XCRemoteSwiftPackageReference "PermissionsSwiftUI" */;
			productName = PermissionsSwiftUINotification;
		};
		D4607636292AA8DE00DE9590 /* PopupView */ = {
			isa = XCSwiftPackageProductDependency;
			package = D4607635292AA8DE00DE9590 /* XCRemoteSwiftPackageReference "PopupView" */;
			productName = PopupView;
		};
/* End XCSwiftPackageProductDependency section */
	};
	rootObject = D472213D292454560063BDB7 /* Project object */;
}
