// !$*UTF8*$!
{
	archiveVersion = 1;
	classes = {
	};
	objectVersion = 56;
	objects = {

/* Begin PBXBuildFile section */
		D40D808629246E34008CA68D /* SchoolsList.swift in Sources */ = {isa = PBXBuildFile; fileRef = D40D808529246E34008CA68D /* SchoolsList.swift */; };
		D40D808929247123008CA68D /* HomeView.swift in Sources */ = {isa = PBXBuildFile; fileRef = D40D808829247123008CA68D /* HomeView.swift */; };
		D40D808F292472FA008CA68D /* BottomBarView.swift in Sources */ = {isa = PBXBuildFile; fileRef = D40D808E292472FA008CA68D /* BottomBarView.swift */; };
		D4722149292454560063BDB7 /* tumble_iosApp.swift in Sources */ = {isa = PBXBuildFile; fileRef = D4722148292454560063BDB7 /* tumble_iosApp.swift */; };
		D472214B292454560063BDB7 /* SchoolSelectView.swift in Sources */ = {isa = PBXBuildFile; fileRef = D472214A292454560063BDB7 /* SchoolSelectView.swift */; };
		D472214D292454570063BDB7 /* Assets.xcassets in Resources */ = {isa = PBXBuildFile; fileRef = D472214C292454570063BDB7 /* Assets.xcassets */; };
		D4722150292454570063BDB7 /* Preview Assets.xcassets in Resources */ = {isa = PBXBuildFile; fileRef = D472214F292454570063BDB7 /* Preview Assets.xcassets */; };
		D472215F292455710063BDB7 /* APITypes.swift in Sources */ = {isa = PBXBuildFile; fileRef = D472215C292455710063BDB7 /* APITypes.swift */; };
		D4722160292455710063BDB7 /* API.swift in Sources */ = {isa = PBXBuildFile; fileRef = D472215D292455710063BDB7 /* API.swift */; };
		D4722161292455710063BDB7 /* APIClient.swift in Sources */ = {isa = PBXBuildFile; fileRef = D472215E292455710063BDB7 /* APIClient.swift */; };
		D4BAE5F82924636500143717 /* School.swift in Sources */ = {isa = PBXBuildFile; fileRef = D4BAE5F72924636500143717 /* School.swift */; };
		D4BAE614292466F700143717 /* SchoolModelData.swift in Sources */ = {isa = PBXBuildFile; fileRef = D4BAE613292466F700143717 /* SchoolModelData.swift */; };
		D4BAE61929246AA200143717 /* schools.json in Resources */ = {isa = PBXBuildFile; fileRef = D4BAE61829246AA200143717 /* schools.json */; };
		D4BAE61C29246AF800143717 /* SchoolRow.swift in Sources */ = {isa = PBXBuildFile; fileRef = D4BAE61B29246AF800143717 /* SchoolRow.swift */; };
/* End PBXBuildFile section */

/* Begin PBXFileReference section */
		D40D808529246E34008CA68D /* SchoolsList.swift */ = {isa = PBXFileReference; lastKnownFileType = sourcecode.swift; path = SchoolsList.swift; sourceTree = "<group>"; };
		D40D808829247123008CA68D /* HomeView.swift */ = {isa = PBXFileReference; lastKnownFileType = sourcecode.swift; path = HomeView.swift; sourceTree = "<group>"; };
		D40D808E292472FA008CA68D /* BottomBarView.swift */ = {isa = PBXFileReference; lastKnownFileType = sourcecode.swift; path = BottomBarView.swift; sourceTree = "<group>"; };
		D4722145292454560063BDB7 /* tumble-ios.app */ = {isa = PBXFileReference; explicitFileType = wrapper.application; includeInIndex = 0; path = "tumble-ios.app"; sourceTree = BUILT_PRODUCTS_DIR; };
		D4722148292454560063BDB7 /* tumble_iosApp.swift */ = {isa = PBXFileReference; lastKnownFileType = sourcecode.swift; path = tumble_iosApp.swift; sourceTree = "<group>"; };
		D472214A292454560063BDB7 /* SchoolSelectView.swift */ = {isa = PBXFileReference; lastKnownFileType = sourcecode.swift; path = SchoolSelectView.swift; sourceTree = "<group>"; };
		D472214C292454570063BDB7 /* Assets.xcassets */ = {isa = PBXFileReference; lastKnownFileType = folder.assetcatalog; path = Assets.xcassets; sourceTree = "<group>"; };
		D472214F292454570063BDB7 /* Preview Assets.xcassets */ = {isa = PBXFileReference; lastKnownFileType = folder.assetcatalog; path = "Preview Assets.xcassets"; sourceTree = "<group>"; };
		D472215C292455710063BDB7 /* APITypes.swift */ = {isa = PBXFileReference; fileEncoding = 4; lastKnownFileType = sourcecode.swift; path = APITypes.swift; sourceTree = "<group>"; };
		D472215D292455710063BDB7 /* API.swift */ = {isa = PBXFileReference; fileEncoding = 4; lastKnownFileType = sourcecode.swift; path = API.swift; sourceTree = "<group>"; };
		D472215E292455710063BDB7 /* APIClient.swift */ = {isa = PBXFileReference; fileEncoding = 4; lastKnownFileType = sourcecode.swift; path = APIClient.swift; sourceTree = "<group>"; };
		D4BAE5F72924636500143717 /* School.swift */ = {isa = PBXFileReference; lastKnownFileType = sourcecode.swift; path = School.swift; sourceTree = "<group>"; };
		D4BAE613292466F700143717 /* SchoolModelData.swift */ = {isa = PBXFileReference; lastKnownFileType = sourcecode.swift; path = SchoolModelData.swift; sourceTree = "<group>"; };
		D4BAE61829246AA200143717 /* schools.json */ = {isa = PBXFileReference; lastKnownFileType = text.json; path = schools.json; sourceTree = "<group>"; };
		D4BAE61B29246AF800143717 /* SchoolRow.swift */ = {isa = PBXFileReference; lastKnownFileType = sourcecode.swift; path = SchoolRow.swift; sourceTree = "<group>"; };
/* End PBXFileReference section */

/* Begin PBXFrameworksBuildPhase section */
		D4722142292454560063BDB7 /* Frameworks */ = {
			isa = PBXFrameworksBuildPhase;
			buildActionMask = 2147483647;
			files = (
			);
			runOnlyForDeploymentPostprocessing = 0;
		};
/* End PBXFrameworksBuildPhase section */

/* Begin PBXGroup section */
		D40D808729246FB9008CA68D /* Home */ = {
			isa = PBXGroup;
			children = (
				D40D808829247123008CA68D /* HomeView.swift */,
			);
			path = Home;
			sourceTree = "<group>";
		};
		D40D808D292472EA008CA68D /* BottomBar */ = {
			isa = PBXGroup;
			children = (
				D40D808E292472FA008CA68D /* BottomBarView.swift */,
			);
			path = BottomBar;
			sourceTree = "<group>";
		};
		D472213C292454560063BDB7 = {
			isa = PBXGroup;
			children = (
				D4722147292454560063BDB7 /* tumble-ios */,
				D4722146292454560063BDB7 /* Products */,
			);
			sourceTree = "<group>";
		};
		D4722146292454560063BDB7 /* Products */ = {
			isa = PBXGroup;
			children = (
				D4722145292454560063BDB7 /* tumble-ios.app */,
			);
			name = Products;
			sourceTree = "<group>";
		};
		D4722147292454560063BDB7 /* tumble-ios */ = {
			isa = PBXGroup;
			children = (
				D4BAE5F52924633D00143717 /* Models */,
				D47221622924557C0063BDB7 /* Remote */,
				D472215B292454F60063BDB7 /* Resources */,
				D472215A292454F10063BDB7 /* Controllers */,
				D47221592924549B0063BDB7 /* Views */,
				D47221582924548A0063BDB7 /* App */,
				D472214C292454570063BDB7 /* Assets.xcassets */,
				D472214E292454570063BDB7 /* Preview Content */,
			);
			path = "tumble-ios";
			sourceTree = "<group>";
		};
		D472214E292454570063BDB7 /* Preview Content */ = {
			isa = PBXGroup;
			children = (
				D472214F292454570063BDB7 /* Preview Assets.xcassets */,
			);
			path = "Preview Content";
			sourceTree = "<group>";
		};
		D47221582924548A0063BDB7 /* App */ = {
			isa = PBXGroup;
			children = (
				D4722148292454560063BDB7 /* tumble_iosApp.swift */,
			);
			path = App;
			sourceTree = "<group>";
		};
		D47221592924549B0063BDB7 /* Views */ = {
			isa = PBXGroup;
			children = (
				D40D808D292472EA008CA68D /* BottomBar */,
				D40D808729246FB9008CA68D /* Home */,
				D4BAE61A29246AE800143717 /* SchoolSelection */,
			);
			path = Views;
			sourceTree = "<group>";
		};
		D472215A292454F10063BDB7 /* Controllers */ = {
			isa = PBXGroup;
			children = (
			);
			path = Controllers;
			sourceTree = "<group>";
		};
		D472215B292454F60063BDB7 /* Resources */ = {
			isa = PBXGroup;
			children = (
				D4BAE61829246AA200143717 /* schools.json */,
			);
			path = Resources;
			sourceTree = "<group>";
		};
		D47221622924557C0063BDB7 /* Remote */ = {
			isa = PBXGroup;
			children = (
				D472215D292455710063BDB7 /* API.swift */,
				D472215E292455710063BDB7 /* APIClient.swift */,
				D472215C292455710063BDB7 /* APITypes.swift */,
			);
			path = Remote;
			sourceTree = "<group>";
		};
		D4BAE5F52924633D00143717 /* Models */ = {
			isa = PBXGroup;
			children = (
				D4BAE613292466F700143717 /* SchoolModelData.swift */,
				D4BAE5F72924636500143717 /* School.swift */,
			);
			path = Models;
			sourceTree = "<group>";
		};
		D4BAE61A29246AE800143717 /* SchoolSelection */ = {
			isa = PBXGroup;
			children = (
				D472214A292454560063BDB7 /* SchoolSelectView.swift */,
				D4BAE61B29246AF800143717 /* SchoolRow.swift */,
				D40D808529246E34008CA68D /* SchoolsList.swift */,
			);
			path = SchoolSelection;
			sourceTree = "<group>";
		};
/* End PBXGroup section */

/* Begin PBXNativeTarget section */
		D4722144292454560063BDB7 /* tumble-ios */ = {
			isa = PBXNativeTarget;
			buildConfigurationList = D4722153292454570063BDB7 /* Build configuration list for PBXNativeTarget "tumble-ios" */;
			buildPhases = (
				D4722141292454560063BDB7 /* Sources */,
				D4722142292454560063BDB7 /* Frameworks */,
				D4722143292454560063BDB7 /* Resources */,
			);
			buildRules = (
			);
			dependencies = (
			);
			name = "tumble-ios";
			productName = "tumble-ios";
			productReference = D4722145292454560063BDB7 /* tumble-ios.app */;
			productType = "com.apple.product-type.application";
		};
/* End PBXNativeTarget section */

/* Begin PBXProject section */
		D472213D292454560063BDB7 /* Project object */ = {
			isa = PBXProject;
			attributes = {
				BuildIndependentTargetsInParallel = 1;
				LastSwiftUpdateCheck = 1410;
				LastUpgradeCheck = 1410;
				TargetAttributes = {
					D4722144292454560063BDB7 = {
						CreatedOnToolsVersion = 14.1;
					};
				};
			};
			buildConfigurationList = D4722140292454560063BDB7 /* Build configuration list for PBXProject "tumble-ios" */;
			compatibilityVersion = "Xcode 14.0";
			developmentRegion = en;
			hasScannedForEncodings = 0;
			knownRegions = (
				en,
				Base,
			);
			mainGroup = D472213C292454560063BDB7;
			productRefGroup = D4722146292454560063BDB7 /* Products */;
			projectDirPath = "";
			projectRoot = "";
			targets = (
				D4722144292454560063BDB7 /* tumble-ios */,
			);
		};
/* End PBXProject section */

/* Begin PBXResourcesBuildPhase section */
		D4722143292454560063BDB7 /* Resources */ = {
			isa = PBXResourcesBuildPhase;
			buildActionMask = 2147483647;
			files = (
				D4BAE61929246AA200143717 /* schools.json in Resources */,
				D4722150292454570063BDB7 /* Preview Assets.xcassets in Resources */,
				D472214D292454570063BDB7 /* Assets.xcassets in Resources */,
			);
			runOnlyForDeploymentPostprocessing = 0;
		};
/* End PBXResourcesBuildPhase section */

/* Begin PBXSourcesBuildPhase section */
		D4722141292454560063BDB7 /* Sources */ = {
			isa = PBXSourcesBuildPhase;
			buildActionMask = 2147483647;
			files = (
				D472214B292454560063BDB7 /* SchoolSelectView.swift in Sources */,
				D4BAE5F82924636500143717 /* School.swift in Sources */,
				D4BAE61C29246AF800143717 /* SchoolRow.swift in Sources */,
				D40D808F292472FA008CA68D /* BottomBarView.swift in Sources */,
				D40D808929247123008CA68D /* HomeView.swift in Sources */,
				D4722149292454560063BDB7 /* tumble_iosApp.swift in Sources */,
				D40D808629246E34008CA68D /* SchoolsList.swift in Sources */,
				D4722160292455710063BDB7 /* API.swift in Sources */,
				D4722161292455710063BDB7 /* APIClient.swift in Sources */,
				D4BAE614292466F700143717 /* SchoolModelData.swift in Sources */,
				D472215F292455710063BDB7 /* APITypes.swift in Sources */,
			);
			runOnlyForDeploymentPostprocessing = 0;
		};
/* End PBXSourcesBuildPhase section */

/* Begin XCBuildConfiguration section */
		D4722151292454570063BDB7 /* Debug */ = {
			isa = XCBuildConfiguration;
			buildSettings = {
				ALWAYS_SEARCH_USER_PATHS = NO;
				CLANG_ANALYZER_NONNULL = YES;
				CLANG_ANALYZER_NUMBER_OBJECT_CONVERSION = YES_AGGRESSIVE;
				CLANG_CXX_LANGUAGE_STANDARD = "gnu++20";
				CLANG_ENABLE_MODULES = YES;
				CLANG_ENABLE_OBJC_ARC = YES;
				CLANG_ENABLE_OBJC_WEAK = YES;
				CLANG_WARN_BLOCK_CAPTURE_AUTORELEASING = YES;
				CLANG_WARN_BOOL_CONVERSION = YES;
				CLANG_WARN_COMMA = YES;
				CLANG_WARN_CONSTANT_CONVERSION = YES;
				CLANG_WARN_DEPRECATED_OBJC_IMPLEMENTATIONS = YES;
				CLANG_WARN_DIRECT_OBJC_ISA_USAGE = YES_ERROR;
				CLANG_WARN_DOCUMENTATION_COMMENTS = YES;
				CLANG_WARN_EMPTY_BODY = YES;
				CLANG_WARN_ENUM_CONVERSION = YES;
				CLANG_WARN_INFINITE_RECURSION = YES;
				CLANG_WARN_INT_CONVERSION = YES;
				CLANG_WARN_NON_LITERAL_NULL_CONVERSION = YES;
				CLANG_WARN_OBJC_IMPLICIT_RETAIN_SELF = YES;
				CLANG_WARN_OBJC_LITERAL_CONVERSION = YES;
				CLANG_WARN_OBJC_ROOT_CLASS = YES_ERROR;
				CLANG_WARN_QUOTED_INCLUDE_IN_FRAMEWORK_HEADER = YES;
				CLANG_WARN_RANGE_LOOP_ANALYSIS = YES;
				CLANG_WARN_STRICT_PROTOTYPES = YES;
				CLANG_WARN_SUSPICIOUS_MOVE = YES;
				CLANG_WARN_UNGUARDED_AVAILABILITY = YES_AGGRESSIVE;
				CLANG_WARN_UNREACHABLE_CODE = YES;
				CLANG_WARN__DUPLICATE_METHOD_MATCH = YES;
				COPY_PHASE_STRIP = NO;
				DEBUG_INFORMATION_FORMAT = dwarf;
				ENABLE_STRICT_OBJC_MSGSEND = YES;
				ENABLE_TESTABILITY = YES;
				GCC_C_LANGUAGE_STANDARD = gnu11;
				GCC_DYNAMIC_NO_PIC = NO;
				GCC_NO_COMMON_BLOCKS = YES;
				GCC_OPTIMIZATION_LEVEL = 0;
				GCC_PREPROCESSOR_DEFINITIONS = (
					"DEBUG=1",
					"$(inherited)",
				);
				GCC_WARN_64_TO_32_BIT_CONVERSION = YES;
				GCC_WARN_ABOUT_RETURN_TYPE = YES_ERROR;
				GCC_WARN_UNDECLARED_SELECTOR = YES;
				GCC_WARN_UNINITIALIZED_AUTOS = YES_AGGRESSIVE;
				GCC_WARN_UNUSED_FUNCTION = YES;
				GCC_WARN_UNUSED_VARIABLE = YES;
				IPHONEOS_DEPLOYMENT_TARGET = 16.1;
				MTL_ENABLE_DEBUG_INFO = INCLUDE_SOURCE;
				MTL_FAST_MATH = YES;
				ONLY_ACTIVE_ARCH = YES;
				SDKROOT = iphoneos;
				SWIFT_ACTIVE_COMPILATION_CONDITIONS = DEBUG;
				SWIFT_OPTIMIZATION_LEVEL = "-Onone";
			};
			name = Debug;
		};
		D4722152292454570063BDB7 /* Release */ = {
			isa = XCBuildConfiguration;
			buildSettings = {
				ALWAYS_SEARCH_USER_PATHS = NO;
				CLANG_ANALYZER_NONNULL = YES;
				CLANG_ANALYZER_NUMBER_OBJECT_CONVERSION = YES_AGGRESSIVE;
				CLANG_CXX_LANGUAGE_STANDARD = "gnu++20";
				CLANG_ENABLE_MODULES = YES;
				CLANG_ENABLE_OBJC_ARC = YES;
				CLANG_ENABLE_OBJC_WEAK = YES;
				CLANG_WARN_BLOCK_CAPTURE_AUTORELEASING = YES;
				CLANG_WARN_BOOL_CONVERSION = YES;
				CLANG_WARN_COMMA = YES;
				CLANG_WARN_CONSTANT_CONVERSION = YES;
				CLANG_WARN_DEPRECATED_OBJC_IMPLEMENTATIONS = YES;
				CLANG_WARN_DIRECT_OBJC_ISA_USAGE = YES_ERROR;
				CLANG_WARN_DOCUMENTATION_COMMENTS = YES;
				CLANG_WARN_EMPTY_BODY = YES;
				CLANG_WARN_ENUM_CONVERSION = YES;
				CLANG_WARN_INFINITE_RECURSION = YES;
				CLANG_WARN_INT_CONVERSION = YES;
				CLANG_WARN_NON_LITERAL_NULL_CONVERSION = YES;
				CLANG_WARN_OBJC_IMPLICIT_RETAIN_SELF = YES;
				CLANG_WARN_OBJC_LITERAL_CONVERSION = YES;
				CLANG_WARN_OBJC_ROOT_CLASS = YES_ERROR;
				CLANG_WARN_QUOTED_INCLUDE_IN_FRAMEWORK_HEADER = YES;
				CLANG_WARN_RANGE_LOOP_ANALYSIS = YES;
				CLANG_WARN_STRICT_PROTOTYPES = YES;
				CLANG_WARN_SUSPICIOUS_MOVE = YES;
				CLANG_WARN_UNGUARDED_AVAILABILITY = YES_AGGRESSIVE;
				CLANG_WARN_UNREACHABLE_CODE = YES;
				CLANG_WARN__DUPLICATE_METHOD_MATCH = YES;
				COPY_PHASE_STRIP = NO;
				DEBUG_INFORMATION_FORMAT = "dwarf-with-dsym";
				ENABLE_NS_ASSERTIONS = NO;
				ENABLE_STRICT_OBJC_MSGSEND = YES;
				GCC_C_LANGUAGE_STANDARD = gnu11;
				GCC_NO_COMMON_BLOCKS = YES;
				GCC_WARN_64_TO_32_BIT_CONVERSION = YES;
				GCC_WARN_ABOUT_RETURN_TYPE = YES_ERROR;
				GCC_WARN_UNDECLARED_SELECTOR = YES;
				GCC_WARN_UNINITIALIZED_AUTOS = YES_AGGRESSIVE;
				GCC_WARN_UNUSED_FUNCTION = YES;
				GCC_WARN_UNUSED_VARIABLE = YES;
				IPHONEOS_DEPLOYMENT_TARGET = 16.1;
				MTL_ENABLE_DEBUG_INFO = NO;
				MTL_FAST_MATH = YES;
				SDKROOT = iphoneos;
				SWIFT_COMPILATION_MODE = wholemodule;
				SWIFT_OPTIMIZATION_LEVEL = "-O";
				VALIDATE_PRODUCT = YES;
			};
			name = Release;
		};
		D4722154292454570063BDB7 /* Debug */ = {
			isa = XCBuildConfiguration;
			buildSettings = {
				ASSETCATALOG_COMPILER_APPICON_NAME = AppIcon;
				ASSETCATALOG_COMPILER_GLOBAL_ACCENT_COLOR_NAME = AccentColor;
				CODE_SIGN_STYLE = Automatic;
				CURRENT_PROJECT_VERSION = 1;
				DEVELOPMENT_ASSET_PATHS = "\"tumble-ios/Preview Content\"";
				DEVELOPMENT_TEAM = 5QHM3X75YP;
				ENABLE_PREVIEWS = YES;
				GENERATE_INFOPLIST_FILE = YES;
				INFOPLIST_KEY_UIApplicationSceneManifest_Generation = YES;
				INFOPLIST_KEY_UIApplicationSupportsIndirectInputEvents = YES;
				INFOPLIST_KEY_UILaunchScreen_Generation = YES;
				INFOPLIST_KEY_UIRequiresFullScreen = NO;
				INFOPLIST_KEY_UISupportedInterfaceOrientations = UIInterfaceOrientationPortrait;
				LD_RUNPATH_SEARCH_PATHS = (
					"$(inherited)",
					"@executable_path/Frameworks",
				);
				MARKETING_VERSION = 1.0;
				PRODUCT_BUNDLE_IDENTIFIER = "tumble.tumble-ios";
				PRODUCT_NAME = "$(TARGET_NAME)";
				SWIFT_EMIT_LOC_STRINGS = YES;
				SWIFT_VERSION = 5.0;
				TARGETED_DEVICE_FAMILY = "1,2";
			};
			name = Debug;
		};
		D4722155292454570063BDB7 /* Release */ = {
			isa = XCBuildConfiguration;
			buildSettings = {
				ASSETCATALOG_COMPILER_APPICON_NAME = AppIcon;
				ASSETCATALOG_COMPILER_GLOBAL_ACCENT_COLOR_NAME = AccentColor;
				CODE_SIGN_STYLE = Automatic;
				CURRENT_PROJECT_VERSION = 1;
				DEVELOPMENT_ASSET_PATHS = "\"tumble-ios/Preview Content\"";
				DEVELOPMENT_TEAM = 5QHM3X75YP;
				ENABLE_PREVIEWS = YES;
				GENERATE_INFOPLIST_FILE = YES;
				INFOPLIST_KEY_UIApplicationSceneManifest_Generation = YES;
				INFOPLIST_KEY_UIApplicationSupportsIndirectInputEvents = YES;
				INFOPLIST_KEY_UILaunchScreen_Generation = YES;
				INFOPLIST_KEY_UIRequiresFullScreen = NO;
				INFOPLIST_KEY_UISupportedInterfaceOrientations = UIInterfaceOrientationPortrait;
				LD_RUNPATH_SEARCH_PATHS = (
					"$(inherited)",
					"@executable_path/Frameworks",
				);
				MARKETING_VERSION = 1.0;
				PRODUCT_BUNDLE_IDENTIFIER = "tumble.tumble-ios";
				PRODUCT_NAME = "$(TARGET_NAME)";
				SWIFT_EMIT_LOC_STRINGS = YES;
				SWIFT_VERSION = 5.0;
				TARGETED_DEVICE_FAMILY = "1,2";
			};
			name = Release;
		};
/* End XCBuildConfiguration section */

/* Begin XCConfigurationList section */
		D4722140292454560063BDB7 /* Build configuration list for PBXProject "tumble-ios" */ = {
			isa = XCConfigurationList;
			buildConfigurations = (
				D4722151292454570063BDB7 /* Debug */,
				D4722152292454570063BDB7 /* Release */,
			);
			defaultConfigurationIsVisible = 0;
			defaultConfigurationName = Release;
		};
		D4722153292454570063BDB7 /* Build configuration list for PBXNativeTarget "tumble-ios" */ = {
			isa = XCConfigurationList;
			buildConfigurations = (
				D4722154292454570063BDB7 /* Debug */,
				D4722155292454570063BDB7 /* Release */,
			);
			defaultConfigurationIsVisible = 0;
			defaultConfigurationName = Release;
		};
/* End XCConfigurationList section */
	};
	rootObject = D472213D292454560063BDB7 /* Project object */;
}
